
Microsoft Visual Studio Solution File, Format Version 11.00
# Visual Studio 2010
Project("{F184B08F-C81C-45F6-A57F-5ABD9991F28F}") = "OR_Productivity", "OR_Productivity.vbproj", "{22A57ACC-1D34-48FC-902D-22A9F7BB7A85}"
EndProject
Project("{FAE04EC0-301F-11D3-BF4B-00C04F79EFBC}") = "OR_Productivity.Core", "..\OR_Productivity.Core\OR_Productivity.Core.csproj", "{C8BF5CAA-BBA5-4F3C-9846-2AC0ABDD3755}"
EndProject
Global
	GlobalSection(SolutionConfigurationPlatforms) = preSolution
		Debug|Any CPU = Debug|Any CPU
		Debug|Mixed Platforms = Debug|Mixed Platforms
		Debug|x86 = Debug|x86
		Release|Any CPU = Release|Any CPU
		Release|Mixed Platforms = Release|Mixed Platforms
		Release|x86 = Release|x86
	EndGlobalSection
	GlobalSection(ProjectConfigurationPlatforms) = postSolution
		{22A57ACC-1D34-48FC-902D-22A9F7BB7A85}.Debug|Any CPU.ActiveCfg = Debug|x86
		{22A57ACC-1D34-48FC-902D-22A9F7BB7A85}.Debug|Mixed Platforms.ActiveCfg = Debug|x86
		{22A57ACC-1D34-48FC-902D-22A9F7BB7A85}.Debug|Mixed Platforms.Build.0 = Debug|x86
		{22A57ACC-1D34-48FC-902D-22A9F7BB7A85}.Debug|x86.ActiveCfg = Debug|x86
		{22A57ACC-1D34-48FC-902D-22A9F7BB7A85}.Debug|x86.Build.0 = Debug|x86
		{22A57ACC-1D34-48FC-902D-22A9F7BB7A85}.Release|Any CPU.ActiveCfg = Release|x86
		{22A57ACC-1D34-48FC-902D-22A9F7BB7A85}.Release|Mixed Platforms.ActiveCfg = Release|x86
		{22A57ACC-1D34-48FC-902D-22A9F7BB7A85}.Release|Mixed Platforms.Build.0 = Release|x86
		{22A57ACC-1D34-48FC-902D-22A9F7BB7A85}.Release|x86.ActiveCfg = Release|x86
		{22A57ACC-1D34-48FC-902D-22A9F7BB7A85}.Release|x86.Build.0 = Release|x86
		{C8BF5CAA-BBA5-4F3C-9846-2AC0ABDD3755}.Debug|Any CPU.ActiveCfg = Debug|Any CPU
		{C8BF5CAA-BBA5-4F3C-9846-2AC0ABDD3755}.Debug|Any CPU.Build.0 = Debug|Any CPU
		{C8BF5CAA-BBA5-4F3C-9846-2AC0ABDD3755}.Debug|Mixed Platforms.ActiveCfg = Debug|Any CPU
		{C8BF5CAA-BBA5-4F3C-9846-2AC0ABDD3755}.Debug|Mixed Platforms.Build.0 = Debug|Any CPU
		{C8BF5CAA-BBA5-4F3C-9846-2AC0ABDD3755}.Debug|x86.ActiveCfg = Debug|Any CPU
		{C8BF5CAA-BBA5-4F3C-9846-2AC0ABDD3755}.Release|Any CPU.ActiveCfg = Release|Any CPU
		{C8BF5CAA-BBA5-4F3C-9846-2AC0ABDD3755}.Release|Any CPU.Build.0 = Release|Any CPU
		{C8BF5CAA-BBA5-4F3C-9846-2AC0ABDD3755}.Release|Mixed Platforms.ActiveCfg = Release|Any CPU
		{C8BF5CAA-BBA5-4F3C-9846-2AC0ABDD3755}.Release|Mixed Platforms.Build.0 = Release|Any CPU
		{C8BF5CAA-BBA5-4F3C-9846-2AC0ABDD3755}.Release|x86.ActiveCfg = Release|Any CPU
	EndGlobalSection
	GlobalSection(SolutionProperties) = preSolution
		HideSolutionNode = FALSE
	EndGlobalSection
EndGlobal
